
Microsoft Visual Studio Solution File, Format Version 12.00
# Visual Studio Version 17
VisualStudioVersion = 17.12.35527.113 d17.12
MinimumVisualStudioVersion = 10.0.40219.1
Project("{2150E333-8FDC-42A3-9474-1A3956D46DE8}") = "src", "src", "{71027407-D992-4B00-A75F-5C466850FC36}"
EndProject
Project("{2150E333-8FDC-42A3-9474-1A3956D46DE8}") = "test", "test", "{AF834613-35FF-4355-9B03-7B79BE87BB65}"
EndProject
Project("{2150E333-8FDC-42A3-9474-1A3956D46DE8}") = "API", "API", "{20D46681-2CE0-4C8B-A22E-1097CDC54CD8}"
EndProject
Project("{2150E333-8FDC-42A3-9474-1A3956D46DE8}") = "Core", "Core", "{BB6E0617-13BF-4878-B6C3-5502F5F8EA3C}"
EndProject
Project("{2150E333-8FDC-42A3-9474-1A3956D46DE8}") = "Infrastructure", "Infrastructure", "{A39E4A53-8F4F-47A4-A43F-484E5320CF5E}"
EndProject
Project("{FAE04EC0-301F-11D3-BF4B-00C04F79EFBC}") = "TicketManagement.CleanArchitecture.Domain", "TicketManagement.CleanArchitecture.Domain\TicketManagement.CleanArchitecture.Domain.csproj", "{82A7D6EF-B435-4C9B-8FB7-B65E9E7FBE71}"
EndProject
Project("{FAE04EC0-301F-11D3-BF4B-00C04F79EFBC}") = "TicketManagement.CleanArchitecture.Application", "TicketManagement.CleanArchitecture.Application\TicketManagement.CleanArchitecture.Application.csproj", "{8CB6EAF7-9EC3-4FE2-8998-EA2F9681AE42}"
EndProject
Project("{FAE04EC0-301F-11D3-BF4B-00C04F79EFBC}") = "TicketManagement.CleanArchitecture.Persistence", "TicketManagement.CleanArchitecture.Persistence\TicketManagement.CleanArchitecture.Persistence.csproj", "{1A932CFA-2368-4DD5-9E4F-C61AE697D749}"
EndProject
Global
	GlobalSection(SolutionConfigurationPlatforms) = preSolution
		Debug|Any CPU = Debug|Any CPU
		Release|Any CPU = Release|Any CPU
	EndGlobalSection
	GlobalSection(ProjectConfigurationPlatforms) = postSolution
		{82A7D6EF-B435-4C9B-8FB7-B65E9E7FBE71}.Debug|Any CPU.ActiveCfg = Debug|Any CPU
		{82A7D6EF-B435-4C9B-8FB7-B65E9E7FBE71}.Debug|Any CPU.Build.0 = Debug|Any CPU
		{82A7D6EF-B435-4C9B-8FB7-B65E9E7FBE71}.Release|Any CPU.ActiveCfg = Release|Any CPU
		{82A7D6EF-B435-4C9B-8FB7-B65E9E7FBE71}.Release|Any CPU.Build.0 = Release|Any CPU
		{8CB6EAF7-9EC3-4FE2-8998-EA2F9681AE42}.Debug|Any CPU.ActiveCfg = Debug|Any CPU
		{8CB6EAF7-9EC3-4FE2-8998-EA2F9681AE42}.Debug|Any CPU.Build.0 = Debug|Any CPU
		{8CB6EAF7-9EC3-4FE2-8998-EA2F9681AE42}.Release|Any CPU.ActiveCfg = Release|Any CPU
		{8CB6EAF7-9EC3-4FE2-8998-EA2F9681AE42}.Release|Any CPU.Build.0 = Release|Any CPU
		{1A932CFA-2368-4DD5-9E4F-C61AE697D749}.Debug|Any CPU.ActiveCfg = Debug|Any CPU
		{1A932CFA-2368-4DD5-9E4F-C61AE697D749}.Debug|Any CPU.Build.0 = Debug|Any CPU
		{1A932CFA-2368-4DD5-9E4F-C61AE697D749}.Release|Any CPU.ActiveCfg = Release|Any CPU
		{1A932CFA-2368-4DD5-9E4F-C61AE697D749}.Release|Any CPU.Build.0 = Release|Any CPU
	EndGlobalSection
	GlobalSection(SolutionProperties) = preSolution
		HideSolutionNode = FALSE
	EndGlobalSection
	GlobalSection(NestedProjects) = preSolution
		{20D46681-2CE0-4C8B-A22E-1097CDC54CD8} = {71027407-D992-4B00-A75F-5C466850FC36}
		{BB6E0617-13BF-4878-B6C3-5502F5F8EA3C} = {71027407-D992-4B00-A75F-5C466850FC36}
		{A39E4A53-8F4F-47A4-A43F-484E5320CF5E} = {71027407-D992-4B00-A75F-5C466850FC36}
		{82A7D6EF-B435-4C9B-8FB7-B65E9E7FBE71} = {BB6E0617-13BF-4878-B6C3-5502F5F8EA3C}
		{8CB6EAF7-9EC3-4FE2-8998-EA2F9681AE42} = {BB6E0617-13BF-4878-B6C3-5502F5F8EA3C}
		{1A932CFA-2368-4DD5-9E4F-C61AE697D749} = {A39E4A53-8F4F-47A4-A43F-484E5320CF5E}
	EndGlobalSection
EndGlobal
